<?xml version="1.0" encoding="utf-8"?>
<Project ToolsVersion="4.0" xmlns="http://schemas.microsoft.com/developer/msbuild/2003">
  <ItemGroup>
    <ClCompile Include="Application.cpp" />
    <ClCompile Include="glmath.cpp" />
    <ClCompile Include="Main.cpp" />
    <ClCompile Include="ModuleCamera3D.cpp">
      <Filter>Modules</Filter>
    </ClCompile>
    <ClCompile Include="ModuleInput.cpp">
      <Filter>Modules</Filter>
    </ClCompile>
    <ClCompile Include="ModuleRenderer3D.cpp">
      <Filter>Modules</Filter>
    </ClCompile>
    <ClCompile Include="ModuleWindow.cpp">
      <Filter>Modules</Filter>
    </ClCompile>
    <ClCompile Include="Color.cpp">
      <Filter>Utility</Filter>
    </ClCompile>
    <ClCompile Include="Light.cpp">
      <Filter>Utility</Filter>
    </ClCompile>
    <ClCompile Include="log.cpp">
      <Filter>Utility</Filter>
    </ClCompile>
    <ClCompile Include="Timer.cpp">
      <Filter>Utility</Filter>
    </ClCompile>
    <ClCompile Include="Primitive.cpp">
      <Filter>Utility</Filter>
    </ClCompile>
  </ItemGroup>
  <ItemGroup>
    <ClInclude Include="Application.h" />
    <ClInclude Include="glmath.h" />
    <ClInclude Include="Globals.h" />
    <ClInclude Include="ModuleCamera3D.h">
      <Filter>Modules</Filter>
    </ClInclude>
    <ClInclude Include="ModuleInput.h">
      <Filter>Modules</Filter>
    </ClInclude>
    <ClInclude Include="ModuleRenderer3D.h">
      <Filter>Modules</Filter>
    </ClInclude>
    <ClInclude Include="ModuleWindow.h">
      <Filter>Modules</Filter>
    </ClInclude>
    <ClInclude Include="Color.h">
      <Filter>Utility</Filter>
    </ClInclude>
    <ClInclude Include="Light.h">
      <Filter>Utility</Filter>
    </ClInclude>
    <ClInclude Include="Timer.h">
      <Filter>Utility</Filter>
    </ClInclude>
    <ClInclude Include="Module.h">
      <Filter>Modules</Filter>
    </ClInclude>
    <ClInclude Include="Primitive.h">
      <Filter>Utility</Filter>
    </ClInclude>
  </ItemGroup>
  <ItemGroup>
    <Filter Include="Modules">
      <UniqueIdentifier>{e6291d34-00cf-441b-bfb9-7544bfd916b7}</UniqueIdentifier>
    </Filter>
    <Filter Include="Utility">
      <UniqueIdentifier>{a07ea6fe-6c45-4b5b-ab9a-e3d34c4027b9}</UniqueIdentifier>
    </Filter>
  </ItemGroup>
</Project>